
Microsoft Visual Studio Solution File, Format Version 12.00
# Visual Studio 15
VisualStudioVersion = 15.0.27004.2008
MinimumVisualStudioVersion = 10.0.40219.1
Project("{FAE04EC0-301F-11D3-BF4B-00C04F79EFBC}") = "SmartCampus2017X.Android", "SmartCampus2017X\SmartCampus2017X.Android\SmartCampus2017X.Android.csproj", "{852E4DE4-8C17-4D0A-A946-D1678C250952}"
EndProject
Project("{FAE04EC0-301F-11D3-BF4B-00C04F79EFBC}") = "SmartCampus2017X", "SmartCampus2017X\SmartCampus2017X\SmartCampus2017X.csproj", "{2C6DF390-FFAF-49E8-ABED-4FEED7F7E76A}"
EndProject
Project("{FAE04EC0-301F-11D3-BF4B-00C04F79EFBC}") = "SmartCampus2017X.UWP", "SmartCampus2017X\SmartCampus2017X.UWP\SmartCampus2017X.UWP.csproj", "{6E9FD810-282A-4406-9818-1AAE4AC0D40E}"
EndProject
Project("{FAE04EC0-301F-11D3-BF4B-00C04F79EFBC}") = "SmartCampus2017X.iOS", "SmartCampus2017X\SmartCampus2017X.iOS\SmartCampus2017X.iOS.csproj", "{AA5B1B20-91D5-40AC-AB35-B96E73150969}"
EndProject
Global
	GlobalSection(SolutionConfigurationPlatforms) = preSolution
		Ad-Hoc|Any CPU = Ad-Hoc|Any CPU
		Ad-Hoc|ARM = Ad-Hoc|ARM
		Ad-Hoc|iPhone = Ad-Hoc|iPhone
		Ad-Hoc|iPhoneSimulator = Ad-Hoc|iPhoneSimulator
		Ad-Hoc|x64 = Ad-Hoc|x64
		Ad-Hoc|x86 = Ad-Hoc|x86
		AppStore|Any CPU = AppStore|Any CPU
		AppStore|ARM = AppStore|ARM
		AppStore|iPhone = AppStore|iPhone
		AppStore|iPhoneSimulator = AppStore|iPhoneSimulator
		AppStore|x64 = AppStore|x64
		AppStore|x86 = AppStore|x86
		Debug|Any CPU = Debug|Any CPU
		Debug|ARM = Debug|ARM
		Debug|iPhone = Debug|iPhone
		Debug|iPhoneSimulator = Debug|iPhoneSimulator
		Debug|x64 = Debug|x64
		Debug|x86 = Debug|x86
		Release|Any CPU = Release|Any CPU
		Release|ARM = Release|ARM
		Release|iPhone = Release|iPhone
		Release|iPhoneSimulator = Release|iPhoneSimulator
		Release|x64 = Release|x64
		Release|x86 = Release|x86
	EndGlobalSection
	GlobalSection(ProjectConfigurationPlatforms) = postSolution
		{852E4DE4-8C17-4D0A-A946-D1678C250952}.Ad-Hoc|Any CPU.ActiveCfg = Release|Any CPU
		{852E4DE4-8C17-4D0A-A946-D1678C250952}.Ad-Hoc|Any CPU.Build.0 = Release|Any CPU
		{852E4DE4-8C17-4D0A-A946-D1678C250952}.Ad-Hoc|Any CPU.Deploy.0 = Release|Any CPU
		{852E4DE4-8C17-4D0A-A946-D1678C250952}.Ad-Hoc|ARM.ActiveCfg = Release|Any CPU
		{852E4DE4-8C17-4D0A-A946-D1678C250952}.Ad-Hoc|ARM.Build.0 = Release|Any CPU
		{852E4DE4-8C17-4D0A-A946-D1678C250952}.Ad-Hoc|ARM.Deploy.0 = Release|Any CPU
		{852E4DE4-8C17-4D0A-A946-D1678C250952}.Ad-Hoc|iPhone.ActiveCfg = Release|Any CPU
		{852E4DE4-8C17-4D0A-A946-D1678C250952}.Ad-Hoc|iPhone.Build.0 = Release|Any CPU
		{852E4DE4-8C17-4D0A-A946-D1678C250952}.Ad-Hoc|iPhone.Deploy.0 = Release|Any CPU
		{852E4DE4-8C17-4D0A-A946-D1678C250952}.Ad-Hoc|iPhoneSimulator.ActiveCfg = Release|Any CPU
		{852E4DE4-8C17-4D0A-A946-D1678C250952}.Ad-Hoc|iPhoneSimulator.Build.0 = Release|Any CPU
		{852E4DE4-8C17-4D0A-A946-D1678C250952}.Ad-Hoc|iPhoneSimulator.Deploy.0 = Release|Any CPU
		{852E4DE4-8C17-4D0A-A946-D1678C250952}.Ad-Hoc|x64.ActiveCfg = Release|Any CPU
		{852E4DE4-8C17-4D0A-A946-D1678C250952}.Ad-Hoc|x64.Build.0 = Release|Any CPU
		{852E4DE4-8C17-4D0A-A946-D1678C250952}.Ad-Hoc|x64.Deploy.0 = Release|Any CPU
		{852E4DE4-8C17-4D0A-A946-D1678C250952}.Ad-Hoc|x86.ActiveCfg = Release|Any CPU
		{852E4DE4-8C17-4D0A-A946-D1678C250952}.Ad-Hoc|x86.Build.0 = Release|Any CPU
		{852E4DE4-8C17-4D0A-A946-D1678C250952}.Ad-Hoc|x86.Deploy.0 = Release|Any CPU
		{852E4DE4-8C17-4D0A-A946-D1678C250952}.AppStore|Any CPU.ActiveCfg = Release|Any CPU
		{852E4DE4-8C17-4D0A-A946-D1678C250952}.AppStore|Any CPU.Build.0 = Release|Any CPU
		{852E4DE4-8C17-4D0A-A946-D1678C250952}.AppStore|Any CPU.Deploy.0 = Release|Any CPU
		{852E4DE4-8C17-4D0A-A946-D1678C250952}.AppStore|ARM.ActiveCfg = Release|Any CPU
		{852E4DE4-8C17-4D0A-A946-D1678C250952}.AppStore|ARM.Build.0 = Release|Any CPU
		{852E4DE4-8C17-4D0A-A946-D1678C250952}.AppStore|ARM.Deploy.0 = Release|Any CPU
		{852E4DE4-8C17-4D0A-A946-D1678C250952}.AppStore|iPhone.ActiveCfg = Release|Any CPU
		{852E4DE4-8C17-4D0A-A946-D1678C250952}.AppStore|iPhone.Build.0 = Release|Any CPU
		{852E4DE4-8C17-4D0A-A946-D1678C250952}.AppStore|iPhone.Deploy.0 = Release|Any CPU
		{852E4DE4-8C17-4D0A-A946-D1678C250952}.AppStore|iPhoneSimulator.ActiveCfg = Release|Any CPU
		{852E4DE4-8C17-4D0A-A946-D1678C250952}.AppStore|iPhoneSimulator.Build.0 = Release|Any CPU
		{852E4DE4-8C17-4D0A-A946-D1678C250952}.AppStore|iPhoneSimulator.Deploy.0 = Release|Any CPU
		{852E4DE4-8C17-4D0A-A946-D1678C250952}.AppStore|x64.ActiveCfg = Release|Any CPU
		{852E4DE4-8C17-4D0A-A946-D1678C250952}.AppStore|x64.Build.0 = Release|Any CPU
		{852E4DE4-8C17-4D0A-A946-D1678C250952}.AppStore|x64.Deploy.0 = Release|Any CPU
		{852E4DE4-8C17-4D0A-A946-D1678C250952}.AppStore|x86.ActiveCfg = Release|Any CPU
		{852E4DE4-8C17-4D0A-A946-D1678C250952}.AppStore|x86.Build.0 = Release|Any CPU
		{852E4DE4-8C17-4D0A-A946-D1678C250952}.AppStore|x86.Deploy.0 = Release|Any CPU
		{852E4DE4-8C17-4D0A-A946-D1678C250952}.Debug|Any CPU.ActiveCfg = Debug|Any CPU
		{852E4DE4-8C17-4D0A-A946-D1678C250952}.Debug|Any CPU.Build.0 = Debug|Any CPU
		{852E4DE4-8C17-4D0A-A946-D1678C250952}.Debug|Any CPU.Deploy.0 = Debug|Any CPU
		{852E4DE4-8C17-4D0A-A946-D1678C250952}.Debug|ARM.ActiveCfg = Debug|Any CPU
		{852E4DE4-8C17-4D0A-A946-D1678C250952}.Debug|ARM.Build.0 = Debug|Any CPU
		{852E4DE4-8C17-4D0A-A946-D1678C250952}.Debug|ARM.Deploy.0 = Debug|Any CPU
		{852E4DE4-8C17-4D0A-A946-D1678C250952}.Debug|iPhone.ActiveCfg = Debug|Any CPU
		{852E4DE4-8C17-4D0A-A946-D1678C250952}.Debug|iPhone.Build.0 = Debug|Any CPU
		{852E4DE4-8C17-4D0A-A946-D1678C250952}.Debug|iPhone.Deploy.0 = Debug|Any CPU
		{852E4DE4-8C17-4D0A-A946-D1678C250952}.Debug|iPhoneSimulator.ActiveCfg = Debug|Any CPU
		{852E4DE4-8C17-4D0A-A946-D1678C250952}.Debug|iPhoneSimulator.Build.0 = Debug|Any CPU
		{852E4DE4-8C17-4D0A-A946-D1678C250952}.Debug|iPhoneSimulator.Deploy.0 = Debug|Any CPU
		{852E4DE4-8C17-4D0A-A946-D1678C250952}.Debug|x64.ActiveCfg = Debug|Any CPU
		{852E4DE4-8C17-4D0A-A946-D1678C250952}.Debug|x64.Build.0 = Debug|Any CPU
		{852E4DE4-8C17-4D0A-A946-D1678C250952}.Debug|x64.Deploy.0 = Debug|Any CPU
		{852E4DE4-8C17-4D0A-A946-D1678C250952}.Debug|x86.ActiveCfg = Debug|Any CPU
		{852E4DE4-8C17-4D0A-A946-D1678C250952}.Debug|x86.Build.0 = Debug|Any CPU
		{852E4DE4-8C17-4D0A-A946-D1678C250952}.Debug|x86.Deploy.0 = Debug|Any CPU
		{852E4DE4-8C17-4D0A-A946-D1678C250952}.Release|Any CPU.ActiveCfg = Release|Any CPU
		{852E4DE4-8C17-4D0A-A946-D1678C250952}.Release|Any CPU.Build.0 = Release|Any CPU
		{852E4DE4-8C17-4D0A-A946-D1678C250952}.Release|Any CPU.Deploy.0 = Release|Any CPU
		{852E4DE4-8C17-4D0A-A946-D1678C250952}.Release|ARM.ActiveCfg = Release|Any CPU
		{852E4DE4-8C17-4D0A-A946-D1678C250952}.Release|ARM.Build.0 = Release|Any CPU
		{852E4DE4-8C17-4D0A-A946-D1678C250952}.Release|ARM.Deploy.0 = Release|Any CPU
		{852E4DE4-8C17-4D0A-A946-D1678C250952}.Release|iPhone.ActiveCfg = Release|Any CPU
		{852E4DE4-8C17-4D0A-A946-D1678C250952}.Release|iPhone.Build.0 = Release|Any CPU
		{852E4DE4-8C17-4D0A-A946-D1678C250952}.Release|iPhone.Deploy.0 = Release|Any CPU
		{852E4DE4-8C17-4D0A-A946-D1678C250952}.Release|iPhoneSimulator.ActiveCfg = Release|Any CPU
		{852E4DE4-8C17-4D0A-A946-D1678C250952}.Release|iPhoneSimulator.Build.0 = Release|Any CPU
		{852E4DE4-8C17-4D0A-A946-D1678C250952}.Release|iPhoneSimulator.Deploy.0 = Release|Any CPU
		{852E4DE4-8C17-4D0A-A946-D1678C250952}.Release|x64.ActiveCfg = Release|Any CPU
		{852E4DE4-8C17-4D0A-A946-D1678C250952}.Release|x64.Build.0 = Release|Any CPU
		{852E4DE4-8C17-4D0A-A946-D1678C250952}.Release|x64.Deploy.0 = Release|Any CPU
		{852E4DE4-8C17-4D0A-A946-D1678C250952}.Release|x86.ActiveCfg = Release|Any CPU
		{852E4DE4-8C17-4D0A-A946-D1678C250952}.Release|x86.Build.0 = Release|Any CPU
		{852E4DE4-8C17-4D0A-A946-D1678C250952}.Release|x86.Deploy.0 = Release|Any CPU
		{2C6DF390-FFAF-49E8-ABED-4FEED7F7E76A}.Ad-Hoc|Any CPU.ActiveCfg = Release|Any CPU
		{2C6DF390-FFAF-49E8-ABED-4FEED7F7E76A}.Ad-Hoc|Any CPU.Build.0 = Release|Any CPU
		{2C6DF390-FFAF-49E8-ABED-4FEED7F7E76A}.Ad-Hoc|ARM.ActiveCfg = Release|Any CPU
		{2C6DF390-FFAF-49E8-ABED-4FEED7F7E76A}.Ad-Hoc|ARM.Build.0 = Release|Any CPU
		{2C6DF390-FFAF-49E8-ABED-4FEED7F7E76A}.Ad-Hoc|iPhone.ActiveCfg = Release|Any CPU
		{2C6DF390-FFAF-49E8-ABED-4FEED7F7E76A}.Ad-Hoc|iPhone.Build.0 = Release|Any CPU
		{2C6DF390-FFAF-49E8-ABED-4FEED7F7E76A}.Ad-Hoc|iPhoneSimulator.ActiveCfg = Release|Any CPU
		{2C6DF390-FFAF-49E8-ABED-4FEED7F7E76A}.Ad-Hoc|iPhoneSimulator.Build.0 = Release|Any CPU
		{2C6DF390-FFAF-49E8-ABED-4FEED7F7E76A}.Ad-Hoc|x64.ActiveCfg = Release|Any CPU
		{2C6DF390-FFAF-49E8-ABED-4FEED7F7E76A}.Ad-Hoc|x64.Build.0 = Release|Any CPU
		{2C6DF390-FFAF-49E8-ABED-4FEED7F7E76A}.Ad-Hoc|x86.ActiveCfg = Release|Any CPU
		{2C6DF390-FFAF-49E8-ABED-4FEED7F7E76A}.Ad-Hoc|x86.Build.0 = Release|Any CPU
		{2C6DF390-FFAF-49E8-ABED-4FEED7F7E76A}.AppStore|Any CPU.ActiveCfg = Release|Any CPU
		{2C6DF390-FFAF-49E8-ABED-4FEED7F7E76A}.AppStore|Any CPU.Build.0 = Release|Any CPU
		{2C6DF390-FFAF-49E8-ABED-4FEED7F7E76A}.AppStore|ARM.ActiveCfg = Release|Any CPU
		{2C6DF390-FFAF-49E8-ABED-4FEED7F7E76A}.AppStore|ARM.Build.0 = Release|Any CPU
		{2C6DF390-FFAF-49E8-ABED-4FEED7F7E76A}.AppStore|iPhone.ActiveCfg = Release|Any CPU
		{2C6DF390-FFAF-49E8-ABED-4FEED7F7E76A}.AppStore|iPhone.Build.0 = Release|Any CPU
		{2C6DF390-FFAF-49E8-ABED-4FEED7F7E76A}.AppStore|iPhoneSimulator.ActiveCfg = Release|Any CPU
		{2C6DF390-FFAF-49E8-ABED-4FEED7F7E76A}.AppStore|iPhoneSimulator.Build.0 = Release|Any CPU
		{2C6DF390-FFAF-49E8-ABED-4FEED7F7E76A}.AppStore|x64.ActiveCfg = Release|Any CPU
		{2C6DF390-FFAF-49E8-ABED-4FEED7F7E76A}.AppStore|x64.Build.0 = Release|Any CPU
		{2C6DF390-FFAF-49E8-ABED-4FEED7F7E76A}.AppStore|x86.ActiveCfg = Release|Any CPU
		{2C6DF390-FFAF-49E8-ABED-4FEED7F7E76A}.AppStore|x86.Build.0 = Release|Any CPU
		{2C6DF390-FFAF-49E8-ABED-4FEED7F7E76A}.Debug|Any CPU.ActiveCfg = Debug|Any CPU
		{2C6DF390-FFAF-49E8-ABED-4FEED7F7E76A}.Debug|Any CPU.Build.0 = Debug|Any CPU
		{2C6DF390-FFAF-49E8-ABED-4FEED7F7E76A}.Debug|ARM.ActiveCfg = Debug|Any CPU
		{2C6DF390-FFAF-49E8-ABED-4FEED7F7E76A}.Debug|ARM.Build.0 = Debug|Any CPU
		{2C6DF390-FFAF-49E8-ABED-4FEED7F7E76A}.Debug|iPhone.ActiveCfg = Debug|Any CPU
		{2C6DF390-FFAF-49E8-ABED-4FEED7F7E76A}.Debug|iPhone.Build.0 = Debug|Any CPU
		{2C6DF390-FFAF-49E8-ABED-4FEED7F7E76A}.Debug|iPhoneSimulator.ActiveCfg = Debug|Any CPU
		{2C6DF390-FFAF-49E8-ABED-4FEED7F7E76A}.Debug|iPhoneSimulator.Build.0 = Debug|Any CPU
		{2C6DF390-FFAF-49E8-ABED-4FEED7F7E76A}.Debug|x64.ActiveCfg = Debug|Any CPU
		{2C6DF390-FFAF-49E8-ABED-4FEED7F7E76A}.Debug|x64.Build.0 = Debug|Any CPU
		{2C6DF390-FFAF-49E8-ABED-4FEED7F7E76A}.Debug|x86.ActiveCfg = Debug|Any CPU
		{2C6DF390-FFAF-49E8-ABED-4FEED7F7E76A}.Debug|x86.Build.0 = Debug|Any CPU
		{2C6DF390-FFAF-49E8-ABED-4FEED7F7E76A}.Release|Any CPU.ActiveCfg = Release|Any CPU
		{2C6DF390-FFAF-49E8-ABED-4FEED7F7E76A}.Release|Any CPU.Build.0 = Release|Any CPU
		{2C6DF390-FFAF-49E8-ABED-4FEED7F7E76A}.Release|ARM.ActiveCfg = Release|Any CPU
		{2C6DF390-FFAF-49E8-ABED-4FEED7F7E76A}.Release|ARM.Build.0 = Release|Any CPU
		{2C6DF390-FFAF-49E8-ABED-4FEED7F7E76A}.Release|iPhone.ActiveCfg = Release|Any CPU
		{2C6DF390-FFAF-49E8-ABED-4FEED7F7E76A}.Release|iPhone.Build.0 = Release|Any CPU
		{2C6DF390-FFAF-49E8-ABED-4FEED7F7E76A}.Release|iPhoneSimulator.ActiveCfg = Release|Any CPU
		{2C6DF390-FFAF-49E8-ABED-4FEED7F7E76A}.Release|iPhoneSimulator.Build.0 = Release|Any CPU
		{2C6DF390-FFAF-49E8-ABED-4FEED7F7E76A}.Release|x64.ActiveCfg = Release|Any CPU
		{2C6DF390-FFAF-49E8-ABED-4FEED7F7E76A}.Release|x64.Build.0 = Release|Any CPU
		{2C6DF390-FFAF-49E8-ABED-4FEED7F7E76A}.Release|x86.ActiveCfg = Release|Any CPU
		{2C6DF390-FFAF-49E8-ABED-4FEED7F7E76A}.Release|x86.Build.0 = Release|Any CPU
		{6E9FD810-282A-4406-9818-1AAE4AC0D40E}.Ad-Hoc|Any CPU.ActiveCfg = Release|x86
		{6E9FD810-282A-4406-9818-1AAE4AC0D40E}.Ad-Hoc|Any CPU.Build.0 = Release|x86
		{6E9FD810-282A-4406-9818-1AAE4AC0D40E}.Ad-Hoc|Any CPU.Deploy.0 = Release|x86
		{6E9FD810-282A-4406-9818-1AAE4AC0D40E}.Ad-Hoc|ARM.ActiveCfg = Release|ARM
		{6E9FD810-282A-4406-9818-1AAE4AC0D40E}.Ad-Hoc|ARM.Build.0 = Release|ARM
		{6E9FD810-282A-4406-9818-1AAE4AC0D40E}.Ad-Hoc|ARM.Deploy.0 = Release|ARM
		{6E9FD810-282A-4406-9818-1AAE4AC0D40E}.Ad-Hoc|iPhone.ActiveCfg = Release|x86
		{6E9FD810-282A-4406-9818-1AAE4AC0D40E}.Ad-Hoc|iPhone.Build.0 = Release|x86
		{6E9FD810-282A-4406-9818-1AAE4AC0D40E}.Ad-Hoc|iPhone.Deploy.0 = Release|x86
		{6E9FD810-282A-4406-9818-1AAE4AC0D40E}.Ad-Hoc|iPhoneSimulator.ActiveCfg = Release|x86
		{6E9FD810-282A-4406-9818-1AAE4AC0D40E}.Ad-Hoc|iPhoneSimulator.Build.0 = Release|x86
		{6E9FD810-282A-4406-9818-1AAE4AC0D40E}.Ad-Hoc|iPhoneSimulator.Deploy.0 = Release|x86
		{6E9FD810-282A-4406-9818-1AAE4AC0D40E}.Ad-Hoc|x64.ActiveCfg = Release|x64
		{6E9FD810-282A-4406-9818-1AAE4AC0D40E}.Ad-Hoc|x64.Build.0 = Release|x64
		{6E9FD810-282A-4406-9818-1AAE4AC0D40E}.Ad-Hoc|x64.Deploy.0 = Release|x64
		{6E9FD810-282A-4406-9818-1AAE4AC0D40E}.Ad-Hoc|x86.ActiveCfg = Release|x86
		{6E9FD810-282A-4406-9818-1AAE4AC0D40E}.Ad-Hoc|x86.Build.0 = Release|x86
		{6E9FD810-282A-4406-9818-1AAE4AC0D40E}.Ad-Hoc|x86.Deploy.0 = Release|x86
		{6E9FD810-282A-4406-9818-1AAE4AC0D40E}.AppStore|Any CPU.ActiveCfg = Release|x86
		{6E9FD810-282A-4406-9818-1AAE4AC0D40E}.AppStore|Any CPU.Build.0 = Release|x86
		{6E9FD810-282A-4406-9818-1AAE4AC0D40E}.AppStore|Any CPU.Deploy.0 = Release|x86
		{6E9FD810-282A-4406-9818-1AAE4AC0D40E}.AppStore|ARM.ActiveCfg = Release|ARM
		{6E9FD810-282A-4406-9818-1AAE4AC0D40E}.AppStore|ARM.Build.0 = Release|ARM
		{6E9FD810-282A-4406-9818-1AAE4AC0D40E}.AppStore|ARM.Deploy.0 = Release|ARM
		{6E9FD810-282A-4406-9818-1AAE4AC0D40E}.AppStore|iPhone.ActiveCfg = Release|x86
		{6E9FD810-282A-4406-9818-1AAE4AC0D40E}.AppStore|iPhone.Build.0 = Release|x86
		{6E9FD810-282A-4406-9818-1AAE4AC0D40E}.AppStore|iPhone.Deploy.0 = Release|x86
		{6E9FD810-282A-4406-9818-1AAE4AC0D40E}.AppStore|iPhoneSimulator.ActiveCfg = Release|x86
		{6E9FD810-282A-4406-9818-1AAE4AC0D40E}.AppStore|iPhoneSimulator.Build.0 = Release|x86
		{6E9FD810-282A-4406-9818-1AAE4AC0D40E}.AppStore|iPhoneSimulator.Deploy.0 = Release|x86
		{6E9FD810-282A-4406-9818-1AAE4AC0D40E}.AppStore|x64.ActiveCfg = Release|x64
		{6E9FD810-282A-4406-9818-1AAE4AC0D40E}.AppStore|x64.Build.0 = Release|x64
		{6E9FD810-282A-4406-9818-1AAE4AC0D40E}.AppStore|x64.Deploy.0 = Release|x64
		{6E9FD810-282A-4406-9818-1AAE4AC0D40E}.AppStore|x86.ActiveCfg = Release|x86
		{6E9FD810-282A-4406-9818-1AAE4AC0D40E}.AppStore|x86.Build.0 = Release|x86
		{6E9FD810-282A-4406-9818-1AAE4AC0D40E}.AppStore|x86.Deploy.0 = Release|x86
		{6E9FD810-282A-4406-9818-1AAE4AC0D40E}.Debug|Any CPU.ActiveCfg = Debug|x86
		{6E9FD810-282A-4406-9818-1AAE4AC0D40E}.Debug|ARM.ActiveCfg = Debug|ARM
		{6E9FD810-282A-4406-9818-1AAE4AC0D40E}.Debug|ARM.Build.0 = Debug|ARM
		{6E9FD810-282A-4406-9818-1AAE4AC0D40E}.Debug|ARM.Deploy.0 = Debug|ARM
		{6E9FD810-282A-4406-9818-1AAE4AC0D40E}.Debug|iPhone.ActiveCfg = Debug|x86
		{6E9FD810-282A-4406-9818-1AAE4AC0D40E}.Debug|iPhoneSimulator.ActiveCfg = Debug|x86
		{6E9FD810-282A-4406-9818-1AAE4AC0D40E}.Debug|x64.ActiveCfg = Debug|x64
		{6E9FD810-282A-4406-9818-1AAE4AC0D40E}.Debug|x64.Build.0 = Debug|x64
		{6E9FD810-282A-4406-9818-1AAE4AC0D40E}.Debug|x64.Deploy.0 = Debug|x64
		{6E9FD810-282A-4406-9818-1AAE4AC0D40E}.Debug|x86.ActiveCfg = Debug|x86
		{6E9FD810-282A-4406-9818-1AAE4AC0D40E}.Debug|x86.Build.0 = Debug|x86
		{6E9FD810-282A-4406-9818-1AAE4AC0D40E}.Debug|x86.Deploy.0 = Debug|x86
		{6E9FD810-282A-4406-9818-1AAE4AC0D40E}.Release|Any CPU.ActiveCfg = Release|x86
		{6E9FD810-282A-4406-9818-1AAE4AC0D40E}.Release|ARM.ActiveCfg = Release|ARM
		{6E9FD810-282A-4406-9818-1AAE4AC0D40E}.Release|ARM.Build.0 = Release|ARM
		{6E9FD810-282A-4406-9818-1AAE4AC0D40E}.Release|ARM.Deploy.0 = Release|ARM
		{6E9FD810-282A-4406-9818-1AAE4AC0D40E}.Release|iPhone.ActiveCfg = Release|x86
		{6E9FD810-282A-4406-9818-1AAE4AC0D40E}.Release|iPhoneSimulator.ActiveCfg = Release|x86
		{6E9FD810-282A-4406-9818-1AAE4AC0D40E}.Release|x64.ActiveCfg = Release|x64
		{6E9FD810-282A-4406-9818-1AAE4AC0D40E}.Release|x64.Build.0 = Release|x64
		{6E9FD810-282A-4406-9818-1AAE4AC0D40E}.Release|x64.Deploy.0 = Release|x64
		{6E9FD810-282A-4406-9818-1AAE4AC0D40E}.Release|x86.ActiveCfg = Release|x86
		{6E9FD810-282A-4406-9818-1AAE4AC0D40E}.Release|x86.Build.0 = Release|x86
		{6E9FD810-282A-4406-9818-1AAE4AC0D40E}.Release|x86.Deploy.0 = Release|x86
		{AA5B1B20-91D5-40AC-AB35-B96E73150969}.Ad-Hoc|Any CPU.ActiveCfg = Ad-Hoc|iPhoneSimulator
		{AA5B1B20-91D5-40AC-AB35-B96E73150969}.Ad-Hoc|ARM.ActiveCfg = Ad-Hoc|iPhone
		{AA5B1B20-91D5-40AC-AB35-B96E73150969}.Ad-Hoc|iPhone.ActiveCfg = Ad-Hoc|iPhone
		{AA5B1B20-91D5-40AC-AB35-B96E73150969}.Ad-Hoc|iPhone.Build.0 = Ad-Hoc|iPhone
		{AA5B1B20-91D5-40AC-AB35-B96E73150969}.Ad-Hoc|iPhoneSimulator.ActiveCfg = Ad-Hoc|iPhoneSimulator
		{AA5B1B20-91D5-40AC-AB35-B96E73150969}.Ad-Hoc|iPhoneSimulator.Build.0 = Ad-Hoc|iPhoneSimulator
		{AA5B1B20-91D5-40AC-AB35-B96E73150969}.Ad-Hoc|x64.ActiveCfg = Ad-Hoc|iPhone
		{AA5B1B20-91D5-40AC-AB35-B96E73150969}.Ad-Hoc|x86.ActiveCfg = Ad-Hoc|iPhone
		{AA5B1B20-91D5-40AC-AB35-B96E73150969}.AppStore|Any CPU.ActiveCfg = AppStore|iPhoneSimulator
		{AA5B1B20-91D5-40AC-AB35-B96E73150969}.AppStore|ARM.ActiveCfg = AppStore|iPhone
		{AA5B1B20-91D5-40AC-AB35-B96E73150969}.AppStore|iPhone.ActiveCfg = AppStore|iPhone
		{AA5B1B20-91D5-40AC-AB35-B96E73150969}.AppStore|iPhone.Build.0 = AppStore|iPhone
		{AA5B1B20-91D5-40AC-AB35-B96E73150969}.AppStore|iPhoneSimulator.ActiveCfg = AppStore|iPhoneSimulator
		{AA5B1B20-91D5-40AC-AB35-B96E73150969}.AppStore|iPhoneSimulator.Build.0 = AppStore|iPhoneSimulator
		{AA5B1B20-91D5-40AC-AB35-B96E73150969}.AppStore|x64.ActiveCfg = AppStore|iPhone
		{AA5B1B20-91D5-40AC-AB35-B96E73150969}.AppStore|x86.ActiveCfg = AppStore|iPhone
		{AA5B1B20-91D5-40AC-AB35-B96E73150969}.Debug|Any CPU.ActiveCfg = Debug|iPhoneSimulator
		{AA5B1B20-91D5-40AC-AB35-B96E73150969}.Debug|ARM.ActiveCfg = Debug|iPhone
		{AA5B1B20-91D5-40AC-AB35-B96E73150969}.Debug|iPhone.ActiveCfg = Debug|iPhone
		{AA5B1B20-91D5-40AC-AB35-B96E73150969}.Debug|iPhone.Build.0 = Debug|iPhone
		{AA5B1B20-91D5-40AC-AB35-B96E73150969}.Debug|iPhoneSimulator.ActiveCfg = Debug|iPhoneSimulator
		{AA5B1B20-91D5-40AC-AB35-B96E73150969}.Debug|iPhoneSimulator.Build.0 = Debug|iPhoneSimulator
		{AA5B1B20-91D5-40AC-AB35-B96E73150969}.Debug|x64.ActiveCfg = Debug|iPhone
		{AA5B1B20-91D5-40AC-AB35-B96E73150969}.Debug|x86.ActiveCfg = Debug|iPhone
		{AA5B1B20-91D5-40AC-AB35-B96E73150969}.Release|Any CPU.ActiveCfg = Release|iPhoneSimulator
		{AA5B1B20-91D5-40AC-AB35-B96E73150969}.Release|ARM.ActiveCfg = Release|iPhone
		{AA5B1B20-91D5-40AC-AB35-B96E73150969}.Release|iPhone.ActiveCfg = Release|iPhone
		{AA5B1B20-91D5-40AC-AB35-B96E73150969}.Release|iPhone.Build.0 = Release|iPhone
		{AA5B1B20-91D5-40AC-AB35-B96E73150969}.Release|iPhoneSimulator.ActiveCfg = Release|iPhoneSimulator
		{AA5B1B20-91D5-40AC-AB35-B96E73150969}.Release|iPhoneSimulator.Build.0 = Release|iPhoneSimulator
		{AA5B1B20-91D5-40AC-AB35-B96E73150969}.Release|x64.ActiveCfg = Release|iPhone
		{AA5B1B20-91D5-40AC-AB35-B96E73150969}.Release|x86.ActiveCfg = Release|iPhone
	EndGlobalSection
	GlobalSection(SolutionProperties) = preSolution
		HideSolutionNode = FALSE
	EndGlobalSection
	GlobalSection(ExtensibilityGlobals) = postSolution
		SolutionGuid = {B68A68AC-04D7-4DA2-AB72-36A51E24BAEA}
	EndGlobalSection
EndGlobal
